
Microsoft Visual Studio Solution File, Format Version 12.00
# Visual Studio Version 17
VisualStudioVersion = 17.8.34322.80
MinimumVisualStudioVersion = 10.0.40219.1
Project("{9A19103F-16F7-4668-BE54-9A1E7A4F7556}") = "Admin-items", "Admin-items.csproj", "{0F6756DE-E249-47BE-AA30-0395BFC454FF}"
EndProject
Project("{FAE04EC0-301F-11D3-BF4B-00C04F79EFBC}") = "User-Items(1)", "..\User-Items(1)\User-Items(1).csproj", "{C2E8998F-DC0A-4905-AB9F-8AF73A56D788}"
EndProject
Global
	GlobalSection(SolutionConfigurationPlatforms) = preSolution
		Debug|Any CPU = Debug|Any CPU
		Release|Any CPU = Release|Any CPU
	EndGlobalSection
	GlobalSection(ProjectConfigurationPlatforms) = postSolution
		{0F6756DE-E249-47BE-AA30-0395BFC454FF}.Debug|Any CPU.ActiveCfg = Debug|Any CPU
		{0F6756DE-E249-47BE-AA30-0395BFC454FF}.Debug|Any CPU.Build.0 = Debug|Any CPU
		{0F6756DE-E249-47BE-AA30-0395BFC454FF}.Release|Any CPU.ActiveCfg = Release|Any CPU
		{0F6756DE-E249-47BE-AA30-0395BFC454FF}.Release|Any CPU.Build.0 = Release|Any CPU
		{C2E8998F-DC0A-4905-AB9F-8AF73A56D788}.Debug|Any CPU.ActiveCfg = Debug|Any CPU
		{C2E8998F-DC0A-4905-AB9F-8AF73A56D788}.Debug|Any CPU.Build.0 = Debug|Any CPU
		{C2E8998F-DC0A-4905-AB9F-8AF73A56D788}.Release|Any CPU.ActiveCfg = Release|Any CPU
		{C2E8998F-DC0A-4905-AB9F-8AF73A56D788}.Release|Any CPU.Build.0 = Release|Any CPU
	EndGlobalSection
	GlobalSection(SolutionProperties) = preSolution
		HideSolutionNode = FALSE
	EndGlobalSection
	GlobalSection(ExtensibilityGlobals) = postSolution
		SolutionGuid = {15BD142A-1D8B-418A-AC0B-23A4D7479820}
	EndGlobalSection
EndGlobal
